
Microsoft Visual Studio Solution File, Format Version 12.00
# Visual Studio Version 17
VisualStudioVersion = 17.4.33205.214
MinimumVisualStudioVersion = 10.0.40219.1
Project("{FAE04EC0-301F-11D3-BF4B-00C04F79EFBC}") = "ABMClientes.Server", "Server\ABMClientes.Server.csproj", "{1B1C3E87-E14F-46C4-A381-B3855A765679}"
EndProject
Project("{FAE04EC0-301F-11D3-BF4B-00C04F79EFBC}") = "ABMClientes.Client", "Client\ABMClientes.Client.csproj", "{80EE1AD2-623A-4F39-B004-3631598BD375}"
EndProject
Project("{FAE04EC0-301F-11D3-BF4B-00C04F79EFBC}") = "ABMClientes.Shared", "Shared\ABMClientes.Shared.csproj", "{4E0D6690-ED63-4557-87F4-EBC2B3FD1ADB}"
EndProject
Global
	GlobalSection(SolutionConfigurationPlatforms) = preSolution
		Debug|Any CPU = Debug|Any CPU
		Release|Any CPU = Release|Any CPU
	EndGlobalSection
	GlobalSection(ProjectConfigurationPlatforms) = postSolution
		{1B1C3E87-E14F-46C4-A381-B3855A765679}.Debug|Any CPU.ActiveCfg = Debug|Any CPU
		{1B1C3E87-E14F-46C4-A381-B3855A765679}.Debug|Any CPU.Build.0 = Debug|Any CPU
		{1B1C3E87-E14F-46C4-A381-B3855A765679}.Release|Any CPU.ActiveCfg = Release|Any CPU
		{1B1C3E87-E14F-46C4-A381-B3855A765679}.Release|Any CPU.Build.0 = Release|Any CPU
		{80EE1AD2-623A-4F39-B004-3631598BD375}.Debug|Any CPU.ActiveCfg = Debug|Any CPU
		{80EE1AD2-623A-4F39-B004-3631598BD375}.Debug|Any CPU.Build.0 = Debug|Any CPU
		{80EE1AD2-623A-4F39-B004-3631598BD375}.Release|Any CPU.ActiveCfg = Release|Any CPU
		{80EE1AD2-623A-4F39-B004-3631598BD375}.Release|Any CPU.Build.0 = Release|Any CPU
		{4E0D6690-ED63-4557-87F4-EBC2B3FD1ADB}.Debug|Any CPU.ActiveCfg = Debug|Any CPU
		{4E0D6690-ED63-4557-87F4-EBC2B3FD1ADB}.Debug|Any CPU.Build.0 = Debug|Any CPU
		{4E0D6690-ED63-4557-87F4-EBC2B3FD1ADB}.Release|Any CPU.ActiveCfg = Release|Any CPU
		{4E0D6690-ED63-4557-87F4-EBC2B3FD1ADB}.Release|Any CPU.Build.0 = Release|Any CPU
	EndGlobalSection
	GlobalSection(SolutionProperties) = preSolution
		HideSolutionNode = FALSE
	EndGlobalSection
	GlobalSection(ExtensibilityGlobals) = postSolution
		SolutionGuid = {2D28D949-F70F-4445-A42A-D556D0BC8BCA}
	EndGlobalSection
EndGlobal
